
Microsoft Visual Studio Solution File, Format Version 12.00
# Visual Studio Version 17
VisualStudioVersion = 17.0.31903.59
MinimumVisualStudioVersion = 10.0.40219.1
Project("{FAE04EC0-301F-11D3-BF4B-00C04F79EFBC}") = "Bookly.API", "Bookly.API\Bookly.API.csproj", "{CE669149-501D-4D56-AC71-9E6681F154D8}"
EndProject
Global
	GlobalSection(SolutionConfigurationPlatforms) = preSolution
		Debug|Any CPU = Debug|Any CPU
		Release|Any CPU = Release|Any CPU
	EndGlobalSection
	GlobalSection(ProjectConfigurationPlatforms) = postSolution
		{CE669149-501D-4D56-AC71-9E6681F154D8}.Debug|Any CPU.ActiveCfg = Debug|Any CPU
		{CE669149-501D-4D56-AC71-9E6681F154D8}.Debug|Any CPU.Build.0 = Debug|Any CPU
		{CE669149-501D-4D56-AC71-9E6681F154D8}.Release|Any CPU.ActiveCfg = Release|Any CPU
		{CE669149-501D-4D56-AC71-9E6681F154D8}.Release|Any CPU.Build.0 = Release|Any CPU
	EndGlobalSection
	GlobalSection(SolutionProperties) = preSolution
		HideSolutionNode = FALSE
	EndGlobalSection
	GlobalSection(ExtensibilityGlobals) = postSolution
		SolutionGuid = {274F5E71-0EF2-4B13-8CC3-D61E5689C9E8}
	EndGlobalSection
EndGlobal
